
Microsoft Visual Studio Solution File, Format Version 12.00
# Visual Studio Version 17
VisualStudioVersion = 17.6.33723.286
MinimumVisualStudioVersion = 10.0.40219.1
Project("{8BC9CEB8-8B4A-11D0-8D11-00A0C91BC942}") = "MDSB5Controller", "MDSB5Controller\MDSB5Controller.vcxproj", "{FC9C830D-447F-4F53-9856-969CDAA0175E}"
EndProject
Global
	GlobalSection(SolutionConfigurationPlatforms) = preSolution
		Debug|x64 = Debug|x64
		Debug|x86 = Debug|x86
		Release|x64 = Release|x64
		Release|x86 = Release|x86
	EndGlobalSection
	GlobalSection(ProjectConfigurationPlatforms) = postSolution
		{FC9C830D-447F-4F53-9856-969CDAA0175E}.Debug|x64.ActiveCfg = Debug|x64
		{FC9C830D-447F-4F53-9856-969CDAA0175E}.Debug|x64.Build.0 = Debug|x64
		{FC9C830D-447F-4F53-9856-969CDAA0175E}.Debug|x86.ActiveCfg = Debug|Win32
		{FC9C830D-447F-4F53-9856-969CDAA0175E}.Debug|x86.Build.0 = Debug|Win32
		{FC9C830D-447F-4F53-9856-969CDAA0175E}.Release|x64.ActiveCfg = Release|x64
		{FC9C830D-447F-4F53-9856-969CDAA0175E}.Release|x64.Build.0 = Release|x64
		{FC9C830D-447F-4F53-9856-969CDAA0175E}.Release|x86.ActiveCfg = Release|Win32
		{FC9C830D-447F-4F53-9856-969CDAA0175E}.Release|x86.Build.0 = Release|Win32
	EndGlobalSection
	GlobalSection(SolutionProperties) = preSolution
		HideSolutionNode = FALSE
	EndGlobalSection
	GlobalSection(ExtensibilityGlobals) = postSolution
		SolutionGuid = {1A5A79D4-9DA5-4C7D-92AE-EA56D47AD817}
	EndGlobalSection
EndGlobal
